// !$*UTF8*$!
{
	archiveVersion = 1;
	classes = {
	};
	objectVersion = 46;
	objects = {

/* Begin PBXBuildFile section */
		0306DE88AFE7222C6390589F /* CoachViewModel.swift in Sources */ = {isa = PBXBuildFile; fileRef = C8A2C7AA08465E0724F45C39 /* CoachViewModel.swift */; };
		0A461091C660596E81EBDBFB /* BroadcastPickerView.swift in Sources */ = {isa = PBXBuildFile; fileRef = 8E82DC2D46351845701AD28E /* BroadcastPickerView.swift */; };
		0C64DB77E88DB5A6B91C44F9 /* network.cpp in Sources */ = {isa = PBXBuildFile; fileRef = FDFA9ECDF5416CFAB194B480 /* network.cpp */; };
		0D757EFA3717645FC9D82126 /* thread.cpp in Sources */ = {isa = PBXBuildFile; fileRef = 8E9CA5F000BFFE9D0AC8C9AF /* thread.cpp */; };
		0DB9B11622309280CFDACCCB /* bitboard.cpp in Sources */ = {isa = PBXBuildFile; fileRef = 290A651D4418B10A8EBAB98B /* bitboard.cpp */; };
		1347772633A129D95D2296E1 /* BoardMoveEvidence.swift in Sources */ = {isa = PBXBuildFile; fileRef = 493B548CEB023E23CC61272F /* BoardMoveEvidence.swift */; };
		148710F2576DF4A23DE8F2C5 /* CoachSessionState.swift in Sources */ = {isa = PBXBuildFile; fileRef = 523AA52207639159A1B0D80D /* CoachSessionState.swift */; };
		17FD7BDE89F536228FD9DBF2 /* fse_decompress.cpp in Sources */ = {isa = PBXBuildFile; fileRef = 8905D6CA7AF4D5BB49778B9E /* fse_decompress.cpp */; };
		1D51A7442DA4E8B44CB87E93 /* search.cpp in Sources */ = {isa = PBXBuildFile; fileRef = 552D0F0A93943E3FB36D879B /* search.cpp */; };
		1D910608C7777FB3DC7DCD83 /* huf_decompress.cpp in Sources */ = {isa = PBXBuildFile; fileRef = 304BF50097087A9EBB212B33 /* huf_decompress.cpp */; };
		206F1A708BEB25B016BAE56C /* PiPStartStateTests.swift in Sources */ = {isa = PBXBuildFile; fileRef = 1794865452C30D70465B812D /* PiPStartStateTests.swift */; };
		2326C1A9C7ED5861FF953FE5 /* LatestRecognitionFrame.swift in Sources */ = {isa = PBXBuildFile; fileRef = A0FB1D13D98C7B857765B39A /* LatestRecognitionFrame.swift */; };
		2A2D5758633518C6EC2E93A2 /* ContentView.swift in Sources */ = {isa = PBXBuildFile; fileRef = DC45EA851CABF86F7E7E952C /* ContentView.swift */; };
		2A709C308AAE81666CEF2FC5 /* board-template-red.png in Resources */ = {isa = PBXBuildFile; fileRef = 98B53B7B8E299C2D67E0D3FB /* board-template-red.png */; };
		2BF770B9354A1C9DD42A464A /* misc.cpp in Sources */ = {isa = PBXBuildFile; fileRef = C144AB4E1F749238C2F19C5B /* misc.cpp */; };
		2CD0B8AD8A75E5D3A7CE980B /* FramePipelineTests.swift in Sources */ = {isa = PBXBuildFile; fileRef = 9311E9B3B63A6A53E59F4412 /* FramePipelineTests.swift */; };
		332B1B1828DE470D06FA3163 /* engine.cpp in Sources */ = {isa = PBXBuildFile; fileRef = 6C22D82ECE7AABAFF9F9E6EE /* engine.cpp */; };
		338ECE294980790B56BF157D /* benchmark.cpp in Sources */ = {isa = PBXBuildFile; fileRef = E278444D87BA667AA79A0234 /* benchmark.cpp */; };
		340AF0C2EA64BE81B831AF5A /* LiveBoardRecognizerTests.swift in Sources */ = {isa = PBXBuildFile; fileRef = DDA16A898910496AE66CD485 /* LiveBoardRecognizerTests.swift */; };
		39F9F647CAFEAA3781099F33 /* BroadcastPickerTests.swift in Sources */ = {isa = PBXBuildFile; fileRef = EB4A8D30AD255FD04607547B /* BroadcastPickerTests.swift */; };
		3D2921447913433CCF28B9ED /* SampleHandler.swift in Sources */ = {isa = PBXBuildFile; fileRef = A0619AEB88F7AF25A2B842AB /* SampleHandler.swift */; };
		3E5C6841B39B7ED3791B0F6D /* XQPikafishEngine.mm in Sources */ = {isa = PBXBuildFile; fileRef = EE4E9532FEFC67D8369A0A91 /* XQPikafishEngine.mm */; };
		3E6FF75C7AD7283FE67EFB9D /* FrameSender.swift in Sources */ = {isa = PBXBuildFile; fileRef = 16E22164FC1570C426F5817E /* FrameSender.swift */; };
		40118CA8A39D51BB10D5A659 /* error_private.cpp in Sources */ = {isa = PBXBuildFile; fileRef = B48BF08AF5B17F44D82114D1 /* error_private.cpp */; };
		446ECF7BADE7D52E085DE167 /* entropy_common.cpp in Sources */ = {isa = PBXBuildFile; fileRef = F87D544D84080A012ED95DB7 /* entropy_common.cpp */; };
		46B2A3652548E953FA17807F /* CoachBoardRenderer.swift in Sources */ = {isa = PBXBuildFile; fileRef = 9EAB39CCB7FC82A4D0CF7188 /* CoachBoardRenderer.swift */; };
		504D68A2F5B81F22C33F0943 /* movepick.cpp in Sources */ = {isa = PBXBuildFile; fileRef = DC9C49BC9061687F66C5C2FE /* movepick.cpp */; };
		5171CB004A1E23A2E05FD395 /* timeman.cpp in Sources */ = {isa = PBXBuildFile; fileRef = F9FD0FC5CBE8D462B97C84C5 /* timeman.cpp */; };
		51980F7F7240A93B46A8A52F /* FrameProtocol.swift in Sources */ = {isa = PBXBuildFile; fileRef = 6EDF17D95A5FB7B5FEE80D65 /* FrameProtocol.swift */; };
		5E218C20B8D63F9017C1FEFC /* FrameReceiver.swift in Sources */ = {isa = PBXBuildFile; fileRef = 93FCB805B1EB9652099E022F /* FrameReceiver.swift */; };
		5EE4DB02AB1C3F7A899088E2 /* Foundation.framework in Frameworks */ = {isa = PBXBuildFile; fileRef = 021F444327191519929A1F52 /* Foundation.framework */; };
		63D79FE11F2EC89430E9DDA6 /* BoardLayout.swift in Sources */ = {isa = PBXBuildFile; fileRef = 46C048D176E41E1ECEB7B154 /* BoardLayout.swift */; };
		645EB14F7D65DAEF414615E1 /* MoveNotation.swift in Sources */ = {isa = PBXBuildFile; fileRef = 1070C2AAABEB80DE0B2D7231 /* MoveNotation.swift */; };
		667EBB73D6A55583EC825454 /* uci.cpp in Sources */ = {isa = PBXBuildFile; fileRef = 5ACC69459F5DCFD63DE97222 /* uci.cpp */; };
		6BA1168BCAF927624020E1B6 /* Foundation.framework in Frameworks */ = {isa = PBXBuildFile; fileRef = 021F444327191519929A1F52 /* Foundation.framework */; };
		6CED105FA8DB043080E5BD40 /* CoachAnalysisStateTests.swift in Sources */ = {isa = PBXBuildFile; fileRef = C139A06BD81CE9CDA8EBAB46 /* CoachAnalysisStateTests.swift */; };
		6DB5EA0A699511CA327E8FF1 /* ucioption.cpp in Sources */ = {isa = PBXBuildFile; fileRef = E638D6F19BFB7FC8979DF0D4 /* ucioption.cpp */; };
		6EDCC354C9BCEB23447A42FF /* score.cpp in Sources */ = {isa = PBXBuildFile; fileRef = 62B796D8E876725A097BEA1E /* score.cpp */; };
		70D84768863E419D815ABE4F /* XiangqiEngine.swift in Sources */ = {isa = PBXBuildFile; fileRef = B1CD2EF6C6567C8E6CBF9E10 /* XiangqiEngine.swift */; };
		75F0C34AEDC5F60C2A060437 /* Pikafish in Resources */ = {isa = PBXBuildFile; fileRef = 93A7299212C8580EB8C33F2D /* Pikafish */; };
		7B0937A6109405894C35BE54 /* BoardRecognizer.swift in Sources */ = {isa = PBXBuildFile; fileRef = EEB8885EA5AF649F0B09AC0E /* BoardRecognizer.swift */; };
		7E24E1B5A4C2CEC1DF7C232E /* nnue_misc.cpp in Sources */ = {isa = PBXBuildFile; fileRef = 8F87CB1A7F473DAD61E61D02 /* nnue_misc.cpp */; };
		855D8623BB01DF08CC49EDAA /* zstd_decompress.cpp in Sources */ = {isa = PBXBuildFile; fileRef = DF362B17ECE7B9B910D97657 /* zstd_decompress.cpp */; };
		86444CB8F35515FED6BB1DD5 /* evaluate.cpp in Sources */ = {isa = PBXBuildFile; fileRef = F8BA798C0494C1A1CF01480D /* evaluate.cpp */; };
		86CA8CCF05153B285475BBC4 /* PiPCoachController.swift in Sources */ = {isa = PBXBuildFile; fileRef = 22CD1ADF4C8BC8417A05C686 /* PiPCoachController.swift */; };
		88D6AC82A24DBF389CE30A36 /* Assets.xcassets in Resources */ = {isa = PBXBuildFile; fileRef = 271DC62986B11DA58B40B494 /* Assets.xcassets */; };
		88F74051EE8274377B5A652E /* BoardPipelineTests.swift in Sources */ = {isa = PBXBuildFile; fileRef = 95A9DE619D2BF9BE5157423A /* BoardPipelineTests.swift */; };
		8D6919B3E5DDD714F89AA888 /* tune.cpp in Sources */ = {isa = PBXBuildFile; fileRef = CCA76E46367963775ADB69AB /* tune.cpp */; };
		9043C707981EFD8473E93F00 /* ProUI in Resources */ = {isa = PBXBuildFile; fileRef = 87341649DBCE817AE7D61FB4 /* ProUI */; };
		94E33CD7FBF3450D2F78A0FA /* debug.cpp in Sources */ = {isa = PBXBuildFile; fileRef = DADF9DE39595A61BDD9EA960 /* debug.cpp */; };
		9613C5EC8F7F71FD85EA0288 /* XiangqiPosition.swift in Sources */ = {isa = PBXBuildFile; fileRef = DA8B2152E16289DB1DDF89CE /* XiangqiPosition.swift */; };
		97F8F18CAB022EE9236A6DB2 /* CoachDiagnostics.swift in Sources */ = {isa = PBXBuildFile; fileRef = F5503802311B965D9185C9BD /* CoachDiagnostics.swift */; };
		A3452F7AABDFF951F677814E /* pool.cpp in Sources */ = {isa = PBXBuildFile; fileRef = D1E003B8928A18CD17C567D8 /* pool.cpp */; };
		A39B33E69497CF387B339706 /* threading.cpp in Sources */ = {isa = PBXBuildFile; fileRef = 8A5B491E0775B0686EAA5A04 /* threading.cpp */; };
		A3D59B5D8CFBC91E9469A494 /* Foundation.framework in Frameworks */ = {isa = PBXBuildFile; fileRef = 021F444327191519929A1F52 /* Foundation.framework */; };
		A8155B9DA5DEF6DDA613E312 /* zstd_decompress_block.cpp in Sources */ = {isa = PBXBuildFile; fileRef = 87BC7ACEB008A72B3C1779AE /* zstd_decompress_block.cpp */; };
		B15F231A97BAA30519428533 /* BoardTracker.swift in Sources */ = {isa = PBXBuildFile; fileRef = 358B603274F794560768D90C /* BoardTracker.swift */; };
		B1C8837AF9D090D8DD4600E8 /* CoachMoveRecallStateTests.swift in Sources */ = {isa = PBXBuildFile; fileRef = 95915A4EBA021D98966C4FD4 /* CoachMoveRecallStateTests.swift */; };
		B44F009D1877FF878D56EE85 /* movegen.cpp in Sources */ = {isa = PBXBuildFile; fileRef = B4F2E8BD9D0D012238E9BE06 /* movegen.cpp */; };
		B54C745FB036A22D79FDA261 /* BoardTrackerTests.swift in Sources */ = {isa = PBXBuildFile; fileRef = 55C013EB86C792788800E6D0 /* BoardTrackerTests.swift */; };
		B5718C4AF9463B54679E1379 /* CoachBoardRendererTests.swift in Sources */ = {isa = PBXBuildFile; fileRef = 36B3004B3674838C74F77298 /* CoachBoardRendererTests.swift */; };
		C15291BBB762DCD9A047D5BB /* position.cpp in Sources */ = {isa = PBXBuildFile; fileRef = CFF24875915D28D745E76BD1 /* position.cpp */; };
		C2A66CF6FF5248E5F50BFA8C /* LastMoveRecognizer.swift in Sources */ = {isa = PBXBuildFile; fileRef = F42CD7EE4CFFCBFDD29EC86E /* LastMoveRecognizer.swift */; };
		C2B4AB26422CCFB396C4C2BD /* Fixtures in Resources */ = {isa = PBXBuildFile; fileRef = 1EDD61D2DDF83FC380CF3444 /* Fixtures */; };
		C4D825C094F0FC79532A64E7 /* zstd_common.cpp in Sources */ = {isa = PBXBuildFile; fileRef = CAFBFFD3D6CCB28BB5CAEDC7 /* zstd_common.cpp */; };
		C5D25C0651A4B2CE7EB2CD4A /* FrameReceiverTests.swift in Sources */ = {isa = PBXBuildFile; fileRef = 6EEC5B8F03E89573479F1F74 /* FrameReceiverTests.swift */; };
		C639A1394128EB87AC98C429 /* BoardRecognizerTests.swift in Sources */ = {isa = PBXBuildFile; fileRef = A2EDD34AC8D9B0FE12C9C7F5 /* BoardRecognizerTests.swift */; };
		C81811B2419D43F0C232D731 /* half_ka_v2_hm.cpp in Sources */ = {isa = PBXBuildFile; fileRef = 11185FB1F6F53A76E4053C61 /* half_ka_v2_hm.cpp */; };
		C9D21E78B9503A489B8BB5F4 /* PiPStartState.swift in Sources */ = {isa = PBXBuildFile; fileRef = 57DBE3AE5E13EE4C90E9A542 /* PiPStartState.swift */; };
		CD1848C53335FFBDD5ADB901 /* FrameProtocol.swift in Sources */ = {isa = PBXBuildFile; fileRef = B14A7A2041A8EAF692A1E380 /* FrameProtocol.swift */; };
		CD42CDC9B5D38054675AFE33 /* memory.cpp in Sources */ = {isa = PBXBuildFile; fileRef = 0FC2D3505B2194E5FA63188B /* memory.cpp */; };
		D12668DD5AD89FC5B3B927F5 /* XiangqiCoachApp.swift in Sources */ = {isa = PBXBuildFile; fileRef = 23EC308A9808F0FA36A4299E /* XiangqiCoachApp.swift */; };
		D20637158A0A7AD4C2B7DB75 /* CoachSessionStateTests.swift in Sources */ = {isa = PBXBuildFile; fileRef = 19AED8EC6F6CBAF67DC50D11 /* CoachSessionStateTests.swift */; };
		D4AF86DDA641BF3D2D724B8A /* PikafishEngineTests.swift in Sources */ = {isa = PBXBuildFile; fileRef = C857C249FD25733CA04E62DA /* PikafishEngineTests.swift */; };
		DBDE424C187A73128E9517E3 /* zstd_ddict.cpp in Sources */ = {isa = PBXBuildFile; fileRef = E105A47ABF654E4B5150F026 /* zstd_ddict.cpp */; };
		DC7207D5B123D1D71A8536FF /* XiangqiPositionTests.swift in Sources */ = {isa = PBXBuildFile; fileRef = FEF4CAA74330005021A677C2 /* XiangqiPositionTests.swift */; };
		E0961ACBE9C25F09D460515C /* CoachMoveRecallState.swift in Sources */ = {isa = PBXBuildFile; fileRef = 7F2C333DDAA81B0C72AFFB74 /* CoachMoveRecallState.swift */; };
		E6AFB47A7286846F2507FFDA /* nnue_accumulator.cpp in Sources */ = {isa = PBXBuildFile; fileRef = E8D933A92CBD4546859D5542 /* nnue_accumulator.cpp */; };
		E6D330C5A0B970D6A7AFE652 /* CoachAnalysisState.swift in Sources */ = {isa = PBXBuildFile; fileRef = 5B84297619C50D142F83D9E3 /* CoachAnalysisState.swift */; };
		EAC372A096C32B077F2CD35F /* LatestRecognitionFrameTests.swift in Sources */ = {isa = PBXBuildFile; fileRef = E01D240A57E5C732D7E006F7 /* LatestRecognitionFrameTests.swift */; };
		F007C219A92DA44DBF6FF30B /* tt.cpp in Sources */ = {isa = PBXBuildFile; fileRef = E9E7D0133773963C10744E63 /* tt.cpp */; };
		F80AE001CB22F0A8AC167306 /* board-template-black.png in Resources */ = {isa = PBXBuildFile; fileRef = B0A0754F339736CB082AE3EC /* board-template-black.png */; };
		F8C6A941176FDAC70D2648C0 /* xxhash.cpp in Sources */ = {isa = PBXBuildFile; fileRef = F6E937AF78DE45E19B838313 /* xxhash.cpp */; };
		FFB79009575659133C569BBF /* XiangqiCoachBroadcast.appex in Embed App Extensions */ = {isa = PBXBuildFile; fileRef = 904C36C70E3808D965AB0BF0 /* XiangqiCoachBroadcast.appex */; };
/* End PBXBuildFile section */

/* Begin PBXContainerItemProxy section */
		4A2B1D22F8F9C6E3D8AE0FC8 /* PBXContainerItemProxy */ = {
			isa = PBXContainerItemProxy;
			containerPortal = 45EFC8D801C1A13FB5BB5FAC /* Project object */;
			proxyType = 1;
			remoteGlobalIDString = 4E230DDFE7E95727EFF6DDAF;
			remoteInfo = XiangqiCoachBroadcast;
		};
		E8095EBAB7EA118E28BA5E01 /* PBXContainerItemProxy */ = {
			isa = PBXContainerItemProxy;
			containerPortal = 45EFC8D801C1A13FB5BB5FAC /* Project object */;
			proxyType = 1;
			remoteGlobalIDString = 34C1E5F44133EB42F8B3994E;
			remoteInfo = XiangqiCoach;
		};
/* End PBXContainerItemProxy section */

/* Begin PBXCopyFilesBuildPhase section */
		E9C790C233B0BAC7AA63EA39 /* Embed App Extensions */ = {
			isa = PBXCopyFilesBuildPhase;
			buildActionMask = 2147483647;
			dstPath = "";
			dstSubfolderSpec = 13;
			files = (
				FFB79009575659133C569BBF /* XiangqiCoachBroadcast.appex in Embed App Extensions */,
			);
			name = "Embed App Extensions";
			runOnlyForDeploymentPostprocessing = 0;
		};
/* End PBXCopyFilesBuildPhase section */

/* Begin PBXFileReference section */
		021F444327191519929A1F52 /* Foundation.framework */ = {isa = PBXFileReference; lastKnownFileType = wrapper.framework; name = Foundation.framework; path = Platforms/iPhoneOS.platform/Developer/SDKs/iPhoneOS26.0.sdk/System/Library/Frameworks/Foundation.framework; sourceTree = DEVELOPER_DIR; };
		0FC2D3505B2194E5FA63188B /* memory.cpp */ = {isa = PBXFileReference; includeInIndex = 1; lastKnownFileType = sourcecode.cpp.cpp; name = memory.cpp; path = XiangqiCoach/Vendor/Pikafish/src/memory.cpp; sourceTree = "<group>"; };
		1070C2AAABEB80DE0B2D7231 /* MoveNotation.swift */ = {isa = PBXFileReference; includeInIndex = 1; lastKnownFileType = sourcecode.swift; name = MoveNotation.swift; path = XiangqiCoach/Engine/MoveNotation.swift; sourceTree = "<group>"; };
		11185FB1F6F53A76E4053C61 /* half_ka_v2_hm.cpp */ = {isa = PBXFileReference; includeInIndex = 1; lastKnownFileType = sourcecode.cpp.cpp; name = half_ka_v2_hm.cpp; path = XiangqiCoach/Vendor/Pikafish/src/nnue/features/half_ka_v2_hm.cpp; sourceTree = "<group>"; };
		16E22164FC1570C426F5817E /* FrameSender.swift */ = {isa = PBXFileReference; includeInIndex = 1; lastKnownFileType = sourcecode.swift; name = FrameSender.swift; path = XiangqiCoachBroadcast/FrameSender.swift; sourceTree = "<group>"; };
		1794865452C30D70465B812D /* PiPStartStateTests.swift */ = {isa = PBXFileReference; includeInIndex = 1; lastKnownFileType = sourcecode.swift; name = PiPStartStateTests.swift; path = XiangqiCoachTests/PiPStartStateTests.swift; sourceTree = "<group>"; };
		1864C11E305FBBFBD5C80364 /* XQPikafishEngine.h */ = {isa = PBXFileReference; includeInIndex = 1; lastKnownFileType = sourcecode.c.h; name = XQPikafishEngine.h; path = XiangqiCoach/Engine/Native/XQPikafishEngine.h; sourceTree = "<group>"; };
		19AED8EC6F6CBAF67DC50D11 /* CoachSessionStateTests.swift */ = {isa = PBXFileReference; includeInIndex = 1; lastKnownFileType = sourcecode.swift; name = CoachSessionStateTests.swift; path = XiangqiCoachTests/CoachSessionStateTests.swift; sourceTree = "<group>"; };
		1EDD61D2DDF83FC380CF3444 /* Fixtures */ = {isa = PBXFileReference; includeInIndex = 1; lastKnownFileType = folder; name = Fixtures; path = XiangqiCoachTests/Fixtures; sourceTree = "<group>"; };
		22CD1ADF4C8BC8417A05C686 /* PiPCoachController.swift */ = {isa = PBXFileReference; includeInIndex = 1; lastKnownFileType = sourcecode.swift; name = PiPCoachController.swift; path = XiangqiCoach/Overlay/PiPCoachController.swift; sourceTree = "<group>"; };
		23EC308A9808F0FA36A4299E /* XiangqiCoachApp.swift */ = {isa = PBXFileReference; includeInIndex = 1; lastKnownFileType = sourcecode.swift; name = XiangqiCoachApp.swift; path = XiangqiCoach/App/XiangqiCoachApp.swift; sourceTree = "<group>"; };
		271DC62986B11DA58B40B494 /* Assets.xcassets */ = {isa = PBXFileReference; includeInIndex = 1; lastKnownFileType = folder.assetcatalog; name = Assets.xcassets; path = XiangqiCoach/Resources/Assets.xcassets; sourceTree = "<group>"; };
		290A651D4418B10A8EBAB98B /* bitboard.cpp */ = {isa = PBXFileReference; includeInIndex = 1; lastKnownFileType = sourcecode.cpp.cpp; name = bitboard.cpp; path = XiangqiCoach/Vendor/Pikafish/src/bitboard.cpp; sourceTree = "<group>"; };
		304BF50097087A9EBB212B33 /* huf_decompress.cpp */ = {isa = PBXFileReference; includeInIndex = 1; lastKnownFileType = sourcecode.cpp.cpp; name = huf_decompress.cpp; path = XiangqiCoach/Vendor/Pikafish/src/external/decompress/huf_decompress.cpp; sourceTree = "<group>"; };
		358B603274F794560768D90C /* BoardTracker.swift */ = {isa = PBXFileReference; includeInIndex = 1; lastKnownFileType = sourcecode.swift; name = BoardTracker.swift; path = XiangqiCoach/Analysis/BoardTracker.swift; sourceTree = "<group>"; };
		36B3004B3674838C74F77298 /* CoachBoardRendererTests.swift */ = {isa = PBXFileReference; includeInIndex = 1; lastKnownFileType = sourcecode.swift; name = CoachBoardRendererTests.swift; path = XiangqiCoachTests/CoachBoardRendererTests.swift; sourceTree = "<group>"; };
		46C048D176E41E1ECEB7B154 /* BoardLayout.swift */ = {isa = PBXFileReference; includeInIndex = 1; lastKnownFileType = sourcecode.swift; name = BoardLayout.swift; path = XiangqiCoach/Analysis/BoardLayout.swift; sourceTree = "<group>"; };
		493B548CEB023E23CC61272F /* BoardMoveEvidence.swift */ = {isa = PBXFileReference; includeInIndex = 1; lastKnownFileType = sourcecode.swift; name = BoardMoveEvidence.swift; path = XiangqiCoach/Analysis/BoardMoveEvidence.swift; sourceTree = "<group>"; };
		523AA52207639159A1B0D80D /* CoachSessionState.swift */ = {isa = PBXFileReference; includeInIndex = 1; lastKnownFileType = sourcecode.swift; name = CoachSessionState.swift; path = XiangqiCoach/App/CoachSessionState.swift; sourceTree = "<group>"; };
		53940BD8B632F718D41AA87F /* XiangqiCoachTests.xctest */ = {isa = PBXFileReference; explicitFileType = wrapper.cfbundle; includeInIndex = 0; path = XiangqiCoachTests.xctest; sourceTree = BUILT_PRODUCTS_DIR; };
		552D0F0A93943E3FB36D879B /* search.cpp */ = {isa = PBXFileReference; includeInIndex = 1; lastKnownFileType = sourcecode.cpp.cpp; name = search.cpp; path = XiangqiCoach/Vendor/Pikafish/src/search.cpp; sourceTree = "<group>"; };
		55C013EB86C792788800E6D0 /* BoardTrackerTests.swift */ = {isa = PBXFileReference; includeInIndex = 1; lastKnownFileType = sourcecode.swift; name = BoardTrackerTests.swift; path = XiangqiCoachTests/BoardTrackerTests.swift; sourceTree = "<group>"; };
		57DBE3AE5E13EE4C90E9A542 /* PiPStartState.swift */ = {isa = PBXFileReference; includeInIndex = 1; lastKnownFileType = sourcecode.swift; name = PiPStartState.swift; path = XiangqiCoach/Overlay/PiPStartState.swift; sourceTree = "<group>"; };
		5ACC69459F5DCFD63DE97222 /* uci.cpp */ = {isa = PBXFileReference; includeInIndex = 1; lastKnownFileType = sourcecode.cpp.cpp; name = uci.cpp; path = XiangqiCoach/Vendor/Pikafish/src/uci.cpp; sourceTree = "<group>"; };
		5B84297619C50D142F83D9E3 /* CoachAnalysisState.swift */ = {isa = PBXFileReference; includeInIndex = 1; lastKnownFileType = sourcecode.swift; name = CoachAnalysisState.swift; path = XiangqiCoach/App/CoachAnalysisState.swift; sourceTree = "<group>"; };
		62B796D8E876725A097BEA1E /* score.cpp */ = {isa = PBXFileReference; includeInIndex = 1; lastKnownFileType = sourcecode.cpp.cpp; name = score.cpp; path = XiangqiCoach/Vendor/Pikafish/src/score.cpp; sourceTree = "<group>"; };
		6C22D82ECE7AABAFF9F9E6EE /* engine.cpp */ = {isa = PBXFileReference; includeInIndex = 1; lastKnownFileType = sourcecode.cpp.cpp; name = engine.cpp; path = XiangqiCoach/Vendor/Pikafish/src/engine.cpp; sourceTree = "<group>"; };
		6CEDE4C3EF6AFE5C6EA05A44 /* XiangqiCoach-Bridging-Header.h */ = {isa = PBXFileReference; includeInIndex = 1; lastKnownFileType = sourcecode.c.h; name = "XiangqiCoach-Bridging-Header.h"; path = "XiangqiCoach/Engine/Native/XiangqiCoach-Bridging-Header.h"; sourceTree = "<group>"; };
		6EDF17D95A5FB7B5FEE80D65 /* FrameProtocol.swift */ = {isa = PBXFileReference; includeInIndex = 1; lastKnownFileType = sourcecode.swift; name = FrameProtocol.swift; path = Shared/FrameProtocol.swift; sourceTree = "<group>"; };
		6EEC5B8F03E89573479F1F74 /* FrameReceiverTests.swift */ = {isa = PBXFileReference; includeInIndex = 1; lastKnownFileType = sourcecode.swift; name = FrameReceiverTests.swift; path = XiangqiCoachTests/FrameReceiverTests.swift; sourceTree = "<group>"; };
		7F2C333DDAA81B0C72AFFB74 /* CoachMoveRecallState.swift */ = {isa = PBXFileReference; includeInIndex = 1; lastKnownFileType = sourcecode.swift; name = CoachMoveRecallState.swift; path = XiangqiCoach/App/CoachMoveRecallState.swift; sourceTree = "<group>"; };
		87341649DBCE817AE7D61FB4 /* ProUI */ = {isa = PBXFileReference; includeInIndex = 1; lastKnownFileType = folder; name = ProUI; path = XiangqiCoach/Resources/ProUI; sourceTree = "<group>"; };
		87BC7ACEB008A72B3C1779AE /* zstd_decompress_block.cpp */ = {isa = PBXFileReference; includeInIndex = 1; lastKnownFileType = sourcecode.cpp.cpp; name = zstd_decompress_block.cpp; path = XiangqiCoach/Vendor/Pikafish/src/external/decompress/zstd_decompress_block.cpp; sourceTree = "<group>"; };
		8905D6CA7AF4D5BB49778B9E /* fse_decompress.cpp */ = {isa = PBXFileReference; includeInIndex = 1; lastKnownFileType = sourcecode.cpp.cpp; name = fse_decompress.cpp; path = XiangqiCoach/Vendor/Pikafish/src/external/common/fse_decompress.cpp; sourceTree = "<group>"; };
		8A5B491E0775B0686EAA5A04 /* threading.cpp */ = {isa = PBXFileReference; includeInIndex = 1; lastKnownFileType = sourcecode.cpp.cpp; name = threading.cpp; path = XiangqiCoach/Vendor/Pikafish/src/external/common/threading.cpp; sourceTree = "<group>"; };
		8E82DC2D46351845701AD28E /* BroadcastPickerView.swift */ = {isa = PBXFileReference; includeInIndex = 1; lastKnownFileType = sourcecode.swift; name = BroadcastPickerView.swift; path = XiangqiCoach/Capture/BroadcastPickerView.swift; sourceTree = "<group>"; };
		8E9CA5F000BFFE9D0AC8C9AF /* thread.cpp */ = {isa = PBXFileReference; includeInIndex = 1; lastKnownFileType = sourcecode.cpp.cpp; name = thread.cpp; path = XiangqiCoach/Vendor/Pikafish/src/thread.cpp; sourceTree = "<group>"; };
		8F87CB1A7F473DAD61E61D02 /* nnue_misc.cpp */ = {isa = PBXFileReference; includeInIndex = 1; lastKnownFileType = sourcecode.cpp.cpp; name = nnue_misc.cpp; path = XiangqiCoach/Vendor/Pikafish/src/nnue/nnue_misc.cpp; sourceTree = "<group>"; };
		904C36C70E3808D965AB0BF0 /* XiangqiCoachBroadcast.appex */ = {isa = PBXFileReference; explicitFileType = "wrapper.app-extension"; includeInIndex = 0; path = XiangqiCoachBroadcast.appex; sourceTree = BUILT_PRODUCTS_DIR; };
		9311E9B3B63A6A53E59F4412 /* FramePipelineTests.swift */ = {isa = PBXFileReference; includeInIndex = 1; lastKnownFileType = sourcecode.swift; name = FramePipelineTests.swift; path = XiangqiCoachTests/FramePipelineTests.swift; sourceTree = "<group>"; };
		93A7299212C8580EB8C33F2D /* Pikafish */ = {isa = PBXFileReference; includeInIndex = 1; lastKnownFileType = folder; name = Pikafish; path = XiangqiCoach/Resources/Pikafish; sourceTree = "<group>"; };
		93FCB805B1EB9652099E022F /* FrameReceiver.swift */ = {isa = PBXFileReference; includeInIndex = 1; lastKnownFileType = sourcecode.swift; name = FrameReceiver.swift; path = XiangqiCoach/Capture/FrameReceiver.swift; sourceTree = "<group>"; };
		95915A4EBA021D98966C4FD4 /* CoachMoveRecallStateTests.swift */ = {isa = PBXFileReference; includeInIndex = 1; lastKnownFileType = sourcecode.swift; name = CoachMoveRecallStateTests.swift; path = XiangqiCoachTests/CoachMoveRecallStateTests.swift; sourceTree = "<group>"; };
		95A9DE619D2BF9BE5157423A /* BoardPipelineTests.swift */ = {isa = PBXFileReference; includeInIndex = 1; lastKnownFileType = sourcecode.swift; name = BoardPipelineTests.swift; path = XiangqiCoachTests/BoardPipelineTests.swift; sourceTree = "<group>"; };
		98B53B7B8E299C2D67E0D3FB /* board-template-red.png */ = {isa = PBXFileReference; includeInIndex = 1; lastKnownFileType = image.png; name = "board-template-red.png"; path = "XiangqiCoach/Resources/board-template-red.png"; sourceTree = "<group>"; };
		9EAB39CCB7FC82A4D0CF7188 /* CoachBoardRenderer.swift */ = {isa = PBXFileReference; includeInIndex = 1; lastKnownFileType = sourcecode.swift; name = CoachBoardRenderer.swift; path = XiangqiCoach/Overlay/CoachBoardRenderer.swift; sourceTree = "<group>"; };
		A0619AEB88F7AF25A2B842AB /* SampleHandler.swift */ = {isa = PBXFileReference; includeInIndex = 1; lastKnownFileType = sourcecode.swift; name = SampleHandler.swift; path = XiangqiCoachBroadcast/SampleHandler.swift; sourceTree = "<group>"; };
		A0FB1D13D98C7B857765B39A /* LatestRecognitionFrame.swift */ = {isa = PBXFileReference; includeInIndex = 1; lastKnownFileType = sourcecode.swift; name = LatestRecognitionFrame.swift; path = XiangqiCoach/App/LatestRecognitionFrame.swift; sourceTree = "<group>"; };
		A2EDD34AC8D9B0FE12C9C7F5 /* BoardRecognizerTests.swift */ = {isa = PBXFileReference; includeInIndex = 1; lastKnownFileType = sourcecode.swift; name = BoardRecognizerTests.swift; path = XiangqiCoachTests/BoardRecognizerTests.swift; sourceTree = "<group>"; };
		B0A0754F339736CB082AE3EC /* board-template-black.png */ = {isa = PBXFileReference; includeInIndex = 1; lastKnownFileType = image.png; name = "board-template-black.png"; path = "XiangqiCoach/Resources/board-template-black.png"; sourceTree = "<group>"; };
		B14A7A2041A8EAF692A1E380 /* FrameProtocol.swift */ = {isa = PBXFileReference; includeInIndex = 1; lastKnownFileType = sourcecode.swift; name = FrameProtocol.swift; path = Shared/FrameProtocol.swift; sourceTree = "<group>"; };
		B1CD2EF6C6567C8E6CBF9E10 /* XiangqiEngine.swift */ = {isa = PBXFileReference; includeInIndex = 1; lastKnownFileType = sourcecode.swift; name = XiangqiEngine.swift; path = XiangqiCoach/Engine/XiangqiEngine.swift; sourceTree = "<group>"; };
		B48BF08AF5B17F44D82114D1 /* error_private.cpp */ = {isa = PBXFileReference; includeInIndex = 1; lastKnownFileType = sourcecode.cpp.cpp; name = error_private.cpp; path = XiangqiCoach/Vendor/Pikafish/src/external/common/error_private.cpp; sourceTree = "<group>"; };
		B4F2E8BD9D0D012238E9BE06 /* movegen.cpp */ = {isa = PBXFileReference; includeInIndex = 1; lastKnownFileType = sourcecode.cpp.cpp; name = movegen.cpp; path = XiangqiCoach/Vendor/Pikafish/src/movegen.cpp; sourceTree = "<group>"; };
		C139A06BD81CE9CDA8EBAB46 /* CoachAnalysisStateTests.swift */ = {isa = PBXFileReference; includeInIndex = 1; lastKnownFileType = sourcecode.swift; name = CoachAnalysisStateTests.swift; path = XiangqiCoachTests/CoachAnalysisStateTests.swift; sourceTree = "<group>"; };
		C144AB4E1F749238C2F19C5B /* misc.cpp */ = {isa = PBXFileReference; includeInIndex = 1; lastKnownFileType = sourcecode.cpp.cpp; name = misc.cpp; path = XiangqiCoach/Vendor/Pikafish/src/misc.cpp; sourceTree = "<group>"; };
		C857C249FD25733CA04E62DA /* PikafishEngineTests.swift */ = {isa = PBXFileReference; includeInIndex = 1; lastKnownFileType = sourcecode.swift; name = PikafishEngineTests.swift; path = XiangqiCoachTests/PikafishEngineTests.swift; sourceTree = "<group>"; };
		C8A2C7AA08465E0724F45C39 /* CoachViewModel.swift */ = {isa = PBXFileReference; includeInIndex = 1; lastKnownFileType = sourcecode.swift; name = CoachViewModel.swift; path = XiangqiCoach/App/CoachViewModel.swift; sourceTree = "<group>"; };
		CAFBFFD3D6CCB28BB5CAEDC7 /* zstd_common.cpp */ = {isa = PBXFileReference; includeInIndex = 1; lastKnownFileType = sourcecode.cpp.cpp; name = zstd_common.cpp; path = XiangqiCoach/Vendor/Pikafish/src/external/common/zstd_common.cpp; sourceTree = "<group>"; };
		CCA76E46367963775ADB69AB /* tune.cpp */ = {isa = PBXFileReference; includeInIndex = 1; lastKnownFileType = sourcecode.cpp.cpp; name = tune.cpp; path = XiangqiCoach/Vendor/Pikafish/src/tune.cpp; sourceTree = "<group>"; };
		CFF24875915D28D745E76BD1 /* position.cpp */ = {isa = PBXFileReference; includeInIndex = 1; lastKnownFileType = sourcecode.cpp.cpp; name = position.cpp; path = XiangqiCoach/Vendor/Pikafish/src/position.cpp; sourceTree = "<group>"; };
		D1E003B8928A18CD17C567D8 /* pool.cpp */ = {isa = PBXFileReference; includeInIndex = 1; lastKnownFileType = sourcecode.cpp.cpp; name = pool.cpp; path = XiangqiCoach/Vendor/Pikafish/src/external/common/pool.cpp; sourceTree = "<group>"; };
		DA8B2152E16289DB1DDF89CE /* XiangqiPosition.swift */ = {isa = PBXFileReference; includeInIndex = 1; lastKnownFileType = sourcecode.swift; name = XiangqiPosition.swift; path = XiangqiCoach/Engine/XiangqiPosition.swift; sourceTree = "<group>"; };
		DADF9DE39595A61BDD9EA960 /* debug.cpp */ = {isa = PBXFileReference; includeInIndex = 1; lastKnownFileType = sourcecode.cpp.cpp; name = debug.cpp; path = XiangqiCoach/Vendor/Pikafish/src/external/common/debug.cpp; sourceTree = "<group>"; };
		DC45EA851CABF86F7E7E952C /* ContentView.swift */ = {isa = PBXFileReference; includeInIndex = 1; lastKnownFileType = sourcecode.swift; name = ContentView.swift; path = XiangqiCoach/App/ContentView.swift; sourceTree = "<group>"; };
		DC9C49BC9061687F66C5C2FE /* movepick.cpp */ = {isa = PBXFileReference; includeInIndex = 1; lastKnownFileType = sourcecode.cpp.cpp; name = movepick.cpp; path = XiangqiCoach/Vendor/Pikafish/src/movepick.cpp; sourceTree = "<group>"; };
		DDA16A898910496AE66CD485 /* LiveBoardRecognizerTests.swift */ = {isa = PBXFileReference; includeInIndex = 1; lastKnownFileType = sourcecode.swift; name = LiveBoardRecognizerTests.swift; path = XiangqiCoachTests/LiveBoardRecognizerTests.swift; sourceTree = "<group>"; };
		DF362B17ECE7B9B910D97657 /* zstd_decompress.cpp */ = {isa = PBXFileReference; includeInIndex = 1; lastKnownFileType = sourcecode.cpp.cpp; name = zstd_decompress.cpp; path = XiangqiCoach/Vendor/Pikafish/src/external/decompress/zstd_decompress.cpp; sourceTree = "<group>"; };
		E01D240A57E5C732D7E006F7 /* LatestRecognitionFrameTests.swift */ = {isa = PBXFileReference; includeInIndex = 1; lastKnownFileType = sourcecode.swift; name = LatestRecognitionFrameTests.swift; path = XiangqiCoachTests/LatestRecognitionFrameTests.swift; sourceTree = "<group>"; };
		E105A47ABF654E4B5150F026 /* zstd_ddict.cpp */ = {isa = PBXFileReference; includeInIndex = 1; lastKnownFileType = sourcecode.cpp.cpp; name = zstd_ddict.cpp; path = XiangqiCoach/Vendor/Pikafish/src/external/decompress/zstd_ddict.cpp; sourceTree = "<group>"; };
		E278444D87BA667AA79A0234 /* benchmark.cpp */ = {isa = PBXFileReference; includeInIndex = 1; lastKnownFileType = sourcecode.cpp.cpp; name = benchmark.cpp; path = XiangqiCoach/Vendor/Pikafish/src/benchmark.cpp; sourceTree = "<group>"; };
		E384AD406CCE2B31559D3B63 /* XiangqiCoach.app */ = {isa = PBXFileReference; explicitFileType = wrapper.application; includeInIndex = 0; path = XiangqiCoach.app; sourceTree = BUILT_PRODUCTS_DIR; };
		E638D6F19BFB7FC8979DF0D4 /* ucioption.cpp */ = {isa = PBXFileReference; includeInIndex = 1; lastKnownFileType = sourcecode.cpp.cpp; name = ucioption.cpp; path = XiangqiCoach/Vendor/Pikafish/src/ucioption.cpp; sourceTree = "<group>"; };
		E8D933A92CBD4546859D5542 /* nnue_accumulator.cpp */ = {isa = PBXFileReference; includeInIndex = 1; lastKnownFileType = sourcecode.cpp.cpp; name = nnue_accumulator.cpp; path = XiangqiCoach/Vendor/Pikafish/src/nnue/nnue_accumulator.cpp; sourceTree = "<group>"; };
		E9E7D0133773963C10744E63 /* tt.cpp */ = {isa = PBXFileReference; includeInIndex = 1; lastKnownFileType = sourcecode.cpp.cpp; name = tt.cpp; path = XiangqiCoach/Vendor/Pikafish/src/tt.cpp; sourceTree = "<group>"; };
		EB4A8D30AD255FD04607547B /* BroadcastPickerTests.swift */ = {isa = PBXFileReference; includeInIndex = 1; lastKnownFileType = sourcecode.swift; name = BroadcastPickerTests.swift; path = XiangqiCoachTests/BroadcastPickerTests.swift; sourceTree = "<group>"; };
		EE4E9532FEFC67D8369A0A91 /* XQPikafishEngine.mm */ = {isa = PBXFileReference; includeInIndex = 1; name = XQPikafishEngine.mm; path = XiangqiCoach/Engine/Native/XQPikafishEngine.mm; sourceTree = "<group>"; };
		EEB8885EA5AF649F0B09AC0E /* BoardRecognizer.swift */ = {isa = PBXFileReference; includeInIndex = 1; lastKnownFileType = sourcecode.swift; name = BoardRecognizer.swift; path = XiangqiCoach/Analysis/BoardRecognizer.swift; sourceTree = "<group>"; };
		F42CD7EE4CFFCBFDD29EC86E /* LastMoveRecognizer.swift */ = {isa = PBXFileReference; includeInIndex = 1; lastKnownFileType = sourcecode.swift; name = LastMoveRecognizer.swift; path = XiangqiCoach/Analysis/LastMoveRecognizer.swift; sourceTree = "<group>"; };
		F5503802311B965D9185C9BD /* CoachDiagnostics.swift */ = {isa = PBXFileReference; includeInIndex = 1; lastKnownFileType = sourcecode.swift; name = CoachDiagnostics.swift; path = XiangqiCoach/App/CoachDiagnostics.swift; sourceTree = "<group>"; };
		F6E937AF78DE45E19B838313 /* xxhash.cpp */ = {isa = PBXFileReference; includeInIndex = 1; lastKnownFileType = sourcecode.cpp.cpp; name = xxhash.cpp; path = XiangqiCoach/Vendor/Pikafish/src/external/common/xxhash.cpp; sourceTree = "<group>"; };
		F87D544D84080A012ED95DB7 /* entropy_common.cpp */ = {isa = PBXFileReference; includeInIndex = 1; lastKnownFileType = sourcecode.cpp.cpp; name = entropy_common.cpp; path = XiangqiCoach/Vendor/Pikafish/src/external/common/entropy_common.cpp; sourceTree = "<group>"; };
		F8BA798C0494C1A1CF01480D /* evaluate.cpp */ = {isa = PBXFileReference; includeInIndex = 1; lastKnownFileType = sourcecode.cpp.cpp; name = evaluate.cpp; path = XiangqiCoach/Vendor/Pikafish/src/evaluate.cpp; sourceTree = "<group>"; };
		F9FD0FC5CBE8D462B97C84C5 /* timeman.cpp */ = {isa = PBXFileReference; includeInIndex = 1; lastKnownFileType = sourcecode.cpp.cpp; name = timeman.cpp; path = XiangqiCoach/Vendor/Pikafish/src/timeman.cpp; sourceTree = "<group>"; };
		FDFA9ECDF5416CFAB194B480 /* network.cpp */ = {isa = PBXFileReference; includeInIndex = 1; lastKnownFileType = sourcecode.cpp.cpp; name = network.cpp; path = XiangqiCoach/Vendor/Pikafish/src/nnue/network.cpp; sourceTree = "<group>"; };
		FEF4CAA74330005021A677C2 /* XiangqiPositionTests.swift */ = {isa = PBXFileReference; includeInIndex = 1; lastKnownFileType = sourcecode.swift; name = XiangqiPositionTests.swift; path = XiangqiCoachTests/XiangqiPositionTests.swift; sourceTree = "<group>"; };
/* End PBXFileReference section */

/* Begin PBXFrameworksBuildPhase section */
		449029552C466F0E5D4118E5 /* Frameworks */ = {
			isa = PBXFrameworksBuildPhase;
			buildActionMask = 2147483647;
			files = (
				5EE4DB02AB1C3F7A899088E2 /* Foundation.framework in Frameworks */,
			);
			runOnlyForDeploymentPostprocessing = 0;
		};
		817570B4292F2DEB7FE43F90 /* Frameworks */ = {
			isa = PBXFrameworksBuildPhase;
			buildActionMask = 2147483647;
			files = (
				A3D59B5D8CFBC91E9469A494 /* Foundation.framework in Frameworks */,
			);
			runOnlyForDeploymentPostprocessing = 0;
		};
		EEDADB6D4FC28885B3A9D8C3 /* Frameworks */ = {
			isa = PBXFrameworksBuildPhase;
			buildActionMask = 2147483647;
			files = (
				6BA1168BCAF927624020E1B6 /* Foundation.framework in Frameworks */,
			);
			runOnlyForDeploymentPostprocessing = 0;
		};
/* End PBXFrameworksBuildPhase section */

/* Begin PBXGroup section */
		0116BADBF0CFFC05901F5F68 /* Pikafish Native */ = {
			isa = PBXGroup;
			children = (
				1864C11E305FBBFBD5C80364 /* XQPikafishEngine.h */,
				EE4E9532FEFC67D8369A0A91 /* XQPikafishEngine.mm */,
				6CEDE4C3EF6AFE5C6EA05A44 /* XiangqiCoach-Bridging-Header.h */,
				E278444D87BA667AA79A0234 /* benchmark.cpp */,
				290A651D4418B10A8EBAB98B /* bitboard.cpp */,
				6C22D82ECE7AABAFF9F9E6EE /* engine.cpp */,
				F8BA798C0494C1A1CF01480D /* evaluate.cpp */,
				DADF9DE39595A61BDD9EA960 /* debug.cpp */,
				F87D544D84080A012ED95DB7 /* entropy_common.cpp */,
				B48BF08AF5B17F44D82114D1 /* error_private.cpp */,
				8905D6CA7AF4D5BB49778B9E /* fse_decompress.cpp */,
				D1E003B8928A18CD17C567D8 /* pool.cpp */,
				8A5B491E0775B0686EAA5A04 /* threading.cpp */,
				F6E937AF78DE45E19B838313 /* xxhash.cpp */,
				CAFBFFD3D6CCB28BB5CAEDC7 /* zstd_common.cpp */,
				304BF50097087A9EBB212B33 /* huf_decompress.cpp */,
				E105A47ABF654E4B5150F026 /* zstd_ddict.cpp */,
				DF362B17ECE7B9B910D97657 /* zstd_decompress.cpp */,
				87BC7ACEB008A72B3C1779AE /* zstd_decompress_block.cpp */,
				0FC2D3505B2194E5FA63188B /* memory.cpp */,
				C144AB4E1F749238C2F19C5B /* misc.cpp */,
				B4F2E8BD9D0D012238E9BE06 /* movegen.cpp */,
				DC9C49BC9061687F66C5C2FE /* movepick.cpp */,
				11185FB1F6F53A76E4053C61 /* half_ka_v2_hm.cpp */,
				FDFA9ECDF5416CFAB194B480 /* network.cpp */,
				E8D933A92CBD4546859D5542 /* nnue_accumulator.cpp */,
				8F87CB1A7F473DAD61E61D02 /* nnue_misc.cpp */,
				CFF24875915D28D745E76BD1 /* position.cpp */,
				62B796D8E876725A097BEA1E /* score.cpp */,
				552D0F0A93943E3FB36D879B /* search.cpp */,
				8E9CA5F000BFFE9D0AC8C9AF /* thread.cpp */,
				F9FD0FC5CBE8D462B97C84C5 /* timeman.cpp */,
				E9E7D0133773963C10744E63 /* tt.cpp */,
				CCA76E46367963775ADB69AB /* tune.cpp */,
				5ACC69459F5DCFD63DE97222 /* uci.cpp */,
				E638D6F19BFB7FC8979DF0D4 /* ucioption.cpp */,
				93A7299212C8580EB8C33F2D /* Pikafish */,
			);
			name = "Pikafish Native";
			sourceTree = "<group>";
		};
		1E50E25660104D145CB10D83 /* XiangqiCoach Sources */ = {
			isa = PBXGroup;
			children = (
				46C048D176E41E1ECEB7B154 /* BoardLayout.swift */,
				493B548CEB023E23CC61272F /* BoardMoveEvidence.swift */,
				EEB8885EA5AF649F0B09AC0E /* BoardRecognizer.swift */,
				358B603274F794560768D90C /* BoardTracker.swift */,
				F42CD7EE4CFFCBFDD29EC86E /* LastMoveRecognizer.swift */,
				5B84297619C50D142F83D9E3 /* CoachAnalysisState.swift */,
				F5503802311B965D9185C9BD /* CoachDiagnostics.swift */,
				7F2C333DDAA81B0C72AFFB74 /* CoachMoveRecallState.swift */,
				523AA52207639159A1B0D80D /* CoachSessionState.swift */,
				C8A2C7AA08465E0724F45C39 /* CoachViewModel.swift */,
				DC45EA851CABF86F7E7E952C /* ContentView.swift */,
				A0FB1D13D98C7B857765B39A /* LatestRecognitionFrame.swift */,
				23EC308A9808F0FA36A4299E /* XiangqiCoachApp.swift */,
				8E82DC2D46351845701AD28E /* BroadcastPickerView.swift */,
				93FCB805B1EB9652099E022F /* FrameReceiver.swift */,
				1070C2AAABEB80DE0B2D7231 /* MoveNotation.swift */,
				B1CD2EF6C6567C8E6CBF9E10 /* XiangqiEngine.swift */,
				DA8B2152E16289DB1DDF89CE /* XiangqiPosition.swift */,
				9EAB39CCB7FC82A4D0CF7188 /* CoachBoardRenderer.swift */,
				22CD1ADF4C8BC8417A05C686 /* PiPCoachController.swift */,
				57DBE3AE5E13EE4C90E9A542 /* PiPStartState.swift */,
			);
			name = "XiangqiCoach Sources";
			sourceTree = "<group>";
		};
		507E712ADCC1B39684B3A6E4 /* Broadcast Sources */ = {
			isa = PBXGroup;
			children = (
				16E22164FC1570C426F5817E /* FrameSender.swift */,
				A0619AEB88F7AF25A2B842AB /* SampleHandler.swift */,
			);
			name = "Broadcast Sources";
			sourceTree = "<group>";
		};
		69E0E19B652EFA53396ADB7B /* iOS */ = {
			isa = PBXGroup;
			children = (
				021F444327191519929A1F52 /* Foundation.framework */,
			);
			name = iOS;
			sourceTree = "<group>";
		};
		9CC9C67E382FB573D2D3CA7E = {
			isa = PBXGroup;
			children = (
				D643D9DD51D4247A6E01D582 /* Products */,
				A22B21C4CE60D4EFB225056A /* Frameworks */,
				1E50E25660104D145CB10D83 /* XiangqiCoach Sources */,
				507E712ADCC1B39684B3A6E4 /* Broadcast Sources */,
				F821B144AFE902B9166C7C1C /* Test Sources */,
				D4447A9AB9487031E06287A2 /* Shared App */,
				BB41AC6A1C66276C1C3898D0 /* Shared Extension */,
				87341649DBCE817AE7D61FB4 /* ProUI */,
				B0A0754F339736CB082AE3EC /* board-template-black.png */,
				98B53B7B8E299C2D67E0D3FB /* board-template-red.png */,
				1EDD61D2DDF83FC380CF3444 /* Fixtures */,
				0116BADBF0CFFC05901F5F68 /* Pikafish Native */,
				271DC62986B11DA58B40B494 /* Assets.xcassets */,
			);
			sourceTree = "<group>";
		};
		A22B21C4CE60D4EFB225056A /* Frameworks */ = {
			isa = PBXGroup;
			children = (
				69E0E19B652EFA53396ADB7B /* iOS */,
			);
			name = Frameworks;
			sourceTree = "<group>";
		};
		BB41AC6A1C66276C1C3898D0 /* Shared Extension */ = {
			isa = PBXGroup;
			children = (
				B14A7A2041A8EAF692A1E380 /* FrameProtocol.swift */,
			);
			name = "Shared Extension";
			sourceTree = "<group>";
		};
		D4447A9AB9487031E06287A2 /* Shared App */ = {
			isa = PBXGroup;
			children = (
				6EDF17D95A5FB7B5FEE80D65 /* FrameProtocol.swift */,
			);
			name = "Shared App";
			sourceTree = "<group>";
		};
		D643D9DD51D4247A6E01D582 /* Products */ = {
			isa = PBXGroup;
			children = (
				E384AD406CCE2B31559D3B63 /* XiangqiCoach.app */,
				904C36C70E3808D965AB0BF0 /* XiangqiCoachBroadcast.appex */,
				53940BD8B632F718D41AA87F /* XiangqiCoachTests.xctest */,
			);
			name = Products;
			sourceTree = "<group>";
		};
		F821B144AFE902B9166C7C1C /* Test Sources */ = {
			isa = PBXGroup;
			children = (
				95A9DE619D2BF9BE5157423A /* BoardPipelineTests.swift */,
				A2EDD34AC8D9B0FE12C9C7F5 /* BoardRecognizerTests.swift */,
				55C013EB86C792788800E6D0 /* BoardTrackerTests.swift */,
				EB4A8D30AD255FD04607547B /* BroadcastPickerTests.swift */,
				C139A06BD81CE9CDA8EBAB46 /* CoachAnalysisStateTests.swift */,
				36B3004B3674838C74F77298 /* CoachBoardRendererTests.swift */,
				95915A4EBA021D98966C4FD4 /* CoachMoveRecallStateTests.swift */,
				19AED8EC6F6CBAF67DC50D11 /* CoachSessionStateTests.swift */,
				9311E9B3B63A6A53E59F4412 /* FramePipelineTests.swift */,
				6EEC5B8F03E89573479F1F74 /* FrameReceiverTests.swift */,
				E01D240A57E5C732D7E006F7 /* LatestRecognitionFrameTests.swift */,
				DDA16A898910496AE66CD485 /* LiveBoardRecognizerTests.swift */,
				1794865452C30D70465B812D /* PiPStartStateTests.swift */,
				C857C249FD25733CA04E62DA /* PikafishEngineTests.swift */,
				FEF4CAA74330005021A677C2 /* XiangqiPositionTests.swift */,
			);
			name = "Test Sources";
			sourceTree = "<group>";
		};
/* End PBXGroup section */

/* Begin PBXNativeTarget section */
		34C1E5F44133EB42F8B3994E /* XiangqiCoach */ = {
			isa = PBXNativeTarget;
			buildConfigurationList = 7B201237EF9E305CE84DFB3F /* Build configuration list for PBXNativeTarget "XiangqiCoach" */;
			buildPhases = (
				83FC0E22BA0358F524D9EA5D /* Sources */,
				817570B4292F2DEB7FE43F90 /* Frameworks */,
				F3DFDCE1FD99A0E3F5807E1B /* Resources */,
				E9C790C233B0BAC7AA63EA39 /* Embed App Extensions */,
			);
			buildRules = (
			);
			dependencies = (
				F846258696987D02FF464442 /* PBXTargetDependency */,
			);
			name = XiangqiCoach;
			productName = XiangqiCoach;
			productReference = E384AD406CCE2B31559D3B63 /* XiangqiCoach.app */;
			productType = "com.apple.product-type.application";
		};
		4A6AD22776BBC1A46B53E316 /* XiangqiCoachTests */ = {
			isa = PBXNativeTarget;
			buildConfigurationList = 0143D9C11D2BC43C26DAE9B5 /* Build configuration list for PBXNativeTarget "XiangqiCoachTests" */;
			buildPhases = (
				4E611215B31E2C687C31332B /* Sources */,
				449029552C466F0E5D4118E5 /* Frameworks */,
				163C2B06BE1F43654513E0A4 /* Resources */,
			);
			buildRules = (
			);
			dependencies = (
				DA8B167F2D56608FB0C420BF /* PBXTargetDependency */,
			);
			name = XiangqiCoachTests;
			productName = XiangqiCoachTests;
			productReference = 53940BD8B632F718D41AA87F /* XiangqiCoachTests.xctest */;
			productType = "com.apple.product-type.bundle.unit-test";
		};
		4E230DDFE7E95727EFF6DDAF /* XiangqiCoachBroadcast */ = {
			isa = PBXNativeTarget;
			buildConfigurationList = 276CE04AC7310D1F472C899F /* Build configuration list for PBXNativeTarget "XiangqiCoachBroadcast" */;
			buildPhases = (
				B933F17A155F7BC5AD5448FE /* Sources */,
				EEDADB6D4FC28885B3A9D8C3 /* Frameworks */,
				18831EED3B0B47AF6E0FA041 /* Resources */,
			);
			buildRules = (
			);
			dependencies = (
			);
			name = XiangqiCoachBroadcast;
			productName = XiangqiCoachBroadcast;
			productReference = 904C36C70E3808D965AB0BF0 /* XiangqiCoachBroadcast.appex */;
			productType = "com.apple.product-type.app-extension";
		};
/* End PBXNativeTarget section */

/* Begin PBXProject section */
		45EFC8D801C1A13FB5BB5FAC /* Project object */ = {
			isa = PBXProject;
			attributes = {
				LastSwiftUpdateCheck = 2660;
				LastUpgradeCheck = 2660;
			};
			buildConfigurationList = EB04E0365BA24F8A61A751E8 /* Build configuration list for PBXProject "XiangqiCoach" */;
			compatibilityVersion = "Xcode 3.2";
			developmentRegion = en;
			hasScannedForEncodings = 0;
			knownRegions = (
				en,
				Base,
			);
			mainGroup = 9CC9C67E382FB573D2D3CA7E;
			minimizedProjectReferenceProxies = 0;
			preferredProjectObjectVersion = 100;
			productRefGroup = D643D9DD51D4247A6E01D582 /* Products */;
			projectDirPath = "";
			projectRoot = "";
			targets = (
				34C1E5F44133EB42F8B3994E /* XiangqiCoach */,
				4E230DDFE7E95727EFF6DDAF /* XiangqiCoachBroadcast */,
				4A6AD22776BBC1A46B53E316 /* XiangqiCoachTests */,
			);
		};
/* End PBXProject section */

/* Begin PBXResourcesBuildPhase section */
		163C2B06BE1F43654513E0A4 /* Resources */ = {
			isa = PBXResourcesBuildPhase;
			buildActionMask = 2147483647;
			files = (
				C2B4AB26422CCFB396C4C2BD /* Fixtures in Resources */,
			);
			runOnlyForDeploymentPostprocessing = 0;
		};
		18831EED3B0B47AF6E0FA041 /* Resources */ = {
			isa = PBXResourcesBuildPhase;
			buildActionMask = 2147483647;
			files = (
			);
			runOnlyForDeploymentPostprocessing = 0;
		};
		F3DFDCE1FD99A0E3F5807E1B /* Resources */ = {
			isa = PBXResourcesBuildPhase;
			buildActionMask = 2147483647;
			files = (
				9043C707981EFD8473E93F00 /* ProUI in Resources */,
				F80AE001CB22F0A8AC167306 /* board-template-black.png in Resources */,
				2A709C308AAE81666CEF2FC5 /* board-template-red.png in Resources */,
				75F0C34AEDC5F60C2A060437 /* Pikafish in Resources */,
				88D6AC82A24DBF389CE30A36 /* Assets.xcassets in Resources */,
			);
			runOnlyForDeploymentPostprocessing = 0;
		};
/* End PBXResourcesBuildPhase section */

/* Begin PBXSourcesBuildPhase section */
		4E611215B31E2C687C31332B /* Sources */ = {
			isa = PBXSourcesBuildPhase;
			buildActionMask = 2147483647;
			files = (
				88F74051EE8274377B5A652E /* BoardPipelineTests.swift in Sources */,
				C639A1394128EB87AC98C429 /* BoardRecognizerTests.swift in Sources */,
				B54C745FB036A22D79FDA261 /* BoardTrackerTests.swift in Sources */,
				39F9F647CAFEAA3781099F33 /* BroadcastPickerTests.swift in Sources */,
				6CED105FA8DB043080E5BD40 /* CoachAnalysisStateTests.swift in Sources */,
				B5718C4AF9463B54679E1379 /* CoachBoardRendererTests.swift in Sources */,
				B1C8837AF9D090D8DD4600E8 /* CoachMoveRecallStateTests.swift in Sources */,
				D20637158A0A7AD4C2B7DB75 /* CoachSessionStateTests.swift in Sources */,
				2CD0B8AD8A75E5D3A7CE980B /* FramePipelineTests.swift in Sources */,
				C5D25C0651A4B2CE7EB2CD4A /* FrameReceiverTests.swift in Sources */,
				EAC372A096C32B077F2CD35F /* LatestRecognitionFrameTests.swift in Sources */,
				340AF0C2EA64BE81B831AF5A /* LiveBoardRecognizerTests.swift in Sources */,
				206F1A708BEB25B016BAE56C /* PiPStartStateTests.swift in Sources */,
				D4AF86DDA641BF3D2D724B8A /* PikafishEngineTests.swift in Sources */,
				DC7207D5B123D1D71A8536FF /* XiangqiPositionTests.swift in Sources */,
			);
			runOnlyForDeploymentPostprocessing = 0;
		};
		83FC0E22BA0358F524D9EA5D /* Sources */ = {
			isa = PBXSourcesBuildPhase;
			buildActionMask = 2147483647;
			files = (
				63D79FE11F2EC89430E9DDA6 /* BoardLayout.swift in Sources */,
				1347772633A129D95D2296E1 /* BoardMoveEvidence.swift in Sources */,
				7B0937A6109405894C35BE54 /* BoardRecognizer.swift in Sources */,
				B15F231A97BAA30519428533 /* BoardTracker.swift in Sources */,
				C2A66CF6FF5248E5F50BFA8C /* LastMoveRecognizer.swift in Sources */,
				E6D330C5A0B970D6A7AFE652 /* CoachAnalysisState.swift in Sources */,
				97F8F18CAB022EE9236A6DB2 /* CoachDiagnostics.swift in Sources */,
				E0961ACBE9C25F09D460515C /* CoachMoveRecallState.swift in Sources */,
				148710F2576DF4A23DE8F2C5 /* CoachSessionState.swift in Sources */,
				0306DE88AFE7222C6390589F /* CoachViewModel.swift in Sources */,
				2A2D5758633518C6EC2E93A2 /* ContentView.swift in Sources */,
				2326C1A9C7ED5861FF953FE5 /* LatestRecognitionFrame.swift in Sources */,
				D12668DD5AD89FC5B3B927F5 /* XiangqiCoachApp.swift in Sources */,
				0A461091C660596E81EBDBFB /* BroadcastPickerView.swift in Sources */,
				5E218C20B8D63F9017C1FEFC /* FrameReceiver.swift in Sources */,
				645EB14F7D65DAEF414615E1 /* MoveNotation.swift in Sources */,
				70D84768863E419D815ABE4F /* XiangqiEngine.swift in Sources */,
				9613C5EC8F7F71FD85EA0288 /* XiangqiPosition.swift in Sources */,
				46B2A3652548E953FA17807F /* CoachBoardRenderer.swift in Sources */,
				86CA8CCF05153B285475BBC4 /* PiPCoachController.swift in Sources */,
				C9D21E78B9503A489B8BB5F4 /* PiPStartState.swift in Sources */,
				51980F7F7240A93B46A8A52F /* FrameProtocol.swift in Sources */,
				3E5C6841B39B7ED3791B0F6D /* XQPikafishEngine.mm in Sources */,
				338ECE294980790B56BF157D /* benchmark.cpp in Sources */,
				0DB9B11622309280CFDACCCB /* bitboard.cpp in Sources */,
				332B1B1828DE470D06FA3163 /* engine.cpp in Sources */,
				86444CB8F35515FED6BB1DD5 /* evaluate.cpp in Sources */,
				94E33CD7FBF3450D2F78A0FA /* debug.cpp in Sources */,
				446ECF7BADE7D52E085DE167 /* entropy_common.cpp in Sources */,
				40118CA8A39D51BB10D5A659 /* error_private.cpp in Sources */,
				17FD7BDE89F536228FD9DBF2 /* fse_decompress.cpp in Sources */,
				A3452F7AABDFF951F677814E /* pool.cpp in Sources */,
				A39B33E69497CF387B339706 /* threading.cpp in Sources */,
				F8C6A941176FDAC70D2648C0 /* xxhash.cpp in Sources */,
				C4D825C094F0FC79532A64E7 /* zstd_common.cpp in Sources */,
				1D910608C7777FB3DC7DCD83 /* huf_decompress.cpp in Sources */,
				DBDE424C187A73128E9517E3 /* zstd_ddict.cpp in Sources */,
				855D8623BB01DF08CC49EDAA /* zstd_decompress.cpp in Sources */,
				A8155B9DA5DEF6DDA613E312 /* zstd_decompress_block.cpp in Sources */,
				CD42CDC9B5D38054675AFE33 /* memory.cpp in Sources */,
				2BF770B9354A1C9DD42A464A /* misc.cpp in Sources */,
				B44F009D1877FF878D56EE85 /* movegen.cpp in Sources */,
				504D68A2F5B81F22C33F0943 /* movepick.cpp in Sources */,
				C81811B2419D43F0C232D731 /* half_ka_v2_hm.cpp in Sources */,
				0C64DB77E88DB5A6B91C44F9 /* network.cpp in Sources */,
				E6AFB47A7286846F2507FFDA /* nnue_accumulator.cpp in Sources */,
				7E24E1B5A4C2CEC1DF7C232E /* nnue_misc.cpp in Sources */,
				C15291BBB762DCD9A047D5BB /* position.cpp in Sources */,
				6EDCC354C9BCEB23447A42FF /* score.cpp in Sources */,
				1D51A7442DA4E8B44CB87E93 /* search.cpp in Sources */,
				0D757EFA3717645FC9D82126 /* thread.cpp in Sources */,
				5171CB004A1E23A2E05FD395 /* timeman.cpp in Sources */,
				F007C219A92DA44DBF6FF30B /* tt.cpp in Sources */,
				8D6919B3E5DDD714F89AA888 /* tune.cpp in Sources */,
				667EBB73D6A55583EC825454 /* uci.cpp in Sources */,
				6DB5EA0A699511CA327E8FF1 /* ucioption.cpp in Sources */,
			);
			runOnlyForDeploymentPostprocessing = 0;
		};
		B933F17A155F7BC5AD5448FE /* Sources */ = {
			isa = PBXSourcesBuildPhase;
			buildActionMask = 2147483647;
			files = (
				3E6FF75C7AD7283FE67EFB9D /* FrameSender.swift in Sources */,
				3D2921447913433CCF28B9ED /* SampleHandler.swift in Sources */,
				CD1848C53335FFBDD5ADB901 /* FrameProtocol.swift in Sources */,
			);
			runOnlyForDeploymentPostprocessing = 0;
		};
/* End PBXSourcesBuildPhase section */

/* Begin PBXTargetDependency section */
		DA8B167F2D56608FB0C420BF /* PBXTargetDependency */ = {
			isa = PBXTargetDependency;
			name = XiangqiCoach;
			target = 34C1E5F44133EB42F8B3994E /* XiangqiCoach */;
			targetProxy = E8095EBAB7EA118E28BA5E01 /* PBXContainerItemProxy */;
		};
		F846258696987D02FF464442 /* PBXTargetDependency */ = {
			isa = PBXTargetDependency;
			name = XiangqiCoachBroadcast;
			target = 4E230DDFE7E95727EFF6DDAF /* XiangqiCoachBroadcast */;
			targetProxy = 4A2B1D22F8F9C6E3D8AE0FC8 /* PBXContainerItemProxy */;
		};
/* End PBXTargetDependency section */

/* Begin XCBuildConfiguration section */
		0AA66573D1C324DEA5EA0A5D /* Debug */ = {
			isa = XCBuildConfiguration;
			buildSettings = {
				BUNDLE_LOADER = "$(TEST_HOST)";
				CLANG_ENABLE_OBJC_WEAK = NO;
				CODE_SIGNING_ALLOWED = NO;
				CODE_SIGN_STYLE = Automatic;
				CURRENT_PROJECT_VERSION = 2026091506;
				DEVELOPMENT_TEAM = UG5D6JZ378;
				ENABLE_USER_SCRIPT_SANDBOXING = YES;
				GENERATE_INFOPLIST_FILE = NO;
				INFOPLIST_FILE = XiangqiCoachTests/Info.plist;
				IPHONEOS_DEPLOYMENT_TARGET = 17.0;
				MARKETING_VERSION = 1.1;
				PRODUCT_BUNDLE_IDENTIFIER = com.lgj.xiangqicoach.tests;
				SDKROOT = iphoneos;
				SUPPORTED_PLATFORMS = "iphoneos iphonesimulator";
				SWIFT_VERSION = 5.0;
				TARGETED_DEVICE_FAMILY = 1;
				TEST_HOST = "$(BUILT_PRODUCTS_DIR)/XiangqiCoach.app/XiangqiCoach";
			};
			name = Debug;
		};
		56F1940F1028D8A5D94AF2F3 /* Release */ = {
			isa = XCBuildConfiguration;
			buildSettings = {
				APPLICATION_EXTENSION_API_ONLY = YES;
				CLANG_ENABLE_OBJC_WEAK = NO;
				CODE_SIGN_STYLE = Automatic;
				CURRENT_PROJECT_VERSION = 2026091506;
				DEVELOPMENT_TEAM = UG5D6JZ378;
				ENABLE_USER_SCRIPT_SANDBOXING = YES;
				GENERATE_INFOPLIST_FILE = NO;
				INFOPLIST_FILE = XiangqiCoachBroadcast/Info.plist;
				IPHONEOS_DEPLOYMENT_TARGET = 17.0;
				MARKETING_VERSION = 1.1;
				PRODUCT_BUNDLE_IDENTIFIER = com.lgj.xiangqicoach.broadcast;
				SDKROOT = iphoneos;
				SKIP_INSTALL = YES;
				SUPPORTED_PLATFORMS = "iphoneos iphonesimulator";
				SWIFT_VERSION = 5.0;
				TARGETED_DEVICE_FAMILY = 1;
				VALIDATE_PRODUCT = YES;
			};
			name = Release;
		};
		886ED9CD8B01D3E173BA1771 /* Debug */ = {
			isa = XCBuildConfiguration;
			buildSettings = {
				ASSETCATALOG_COMPILER_APPICON_NAME = AppIcon;
				CLANG_CXX_LANGUAGE_STANDARD = "c++17";
				CLANG_CXX_LIBRARY = "libc++";
				CLANG_ENABLE_OBJC_WEAK = NO;
				CODE_SIGN_STYLE = Automatic;
				CURRENT_PROJECT_VERSION = 2026091506;
				DEVELOPMENT_TEAM = UG5D6JZ378;
				ENABLE_USER_SCRIPT_SANDBOXING = YES;
				GCC_PREPROCESSOR_DEFINITIONS = (
					"$(inherited)",
					IS_64BIT,
					USE_POPCNT,
					"ZSTD_DISABLE_ASM=1",
					"PIKAFISH_DISABLE_SHARED_MEMORY=1",
				);
				"GCC_PREPROCESSOR_DEFINITIONS[arch=arm64]" = (
					"$(inherited)",
					IS_64BIT,
					USE_POPCNT,
					"ZSTD_DISABLE_ASM=1",
					"PIKAFISH_DISABLE_SHARED_MEMORY=1",
					"USE_NEON=8",
				);
				GENERATE_INFOPLIST_FILE = NO;
				INFOPLIST_FILE = XiangqiCoach/Resources/Info.plist;
				IPHONEOS_DEPLOYMENT_TARGET = 17.0;
				LD_RUNPATH_SEARCH_PATHS = "$(inherited) @executable_path/Frameworks";
				MARKETING_VERSION = 1.1;
				OTHER_CPLUSPLUSFLAGS = (
					"$(inherited)",
					"-O3",
					"-DNDEBUG",
				);
				PRODUCT_BUNDLE_IDENTIFIER = com.lgj.xiangqicoach;
				SDKROOT = iphoneos;
				SUPPORTED_PLATFORMS = "iphoneos iphonesimulator";
				SWIFT_OBJC_BRIDGING_HEADER = "XiangqiCoach/Engine/Native/XiangqiCoach-Bridging-Header.h";
				SWIFT_VERSION = 5.0;
				TARGETED_DEVICE_FAMILY = 1;
			};
			name = Debug;
		};
		89A34F64DDE917876A872EDA /* Release */ = {
			isa = XCBuildConfiguration;
			buildSettings = {
				ASSETCATALOG_COMPILER_APPICON_NAME = AppIcon;
				CLANG_CXX_LANGUAGE_STANDARD = "c++17";
				CLANG_CXX_LIBRARY = "libc++";
				CLANG_ENABLE_OBJC_WEAK = NO;
				CODE_SIGN_STYLE = Automatic;
				CURRENT_PROJECT_VERSION = 2026091506;
				DEVELOPMENT_TEAM = UG5D6JZ378;
				ENABLE_USER_SCRIPT_SANDBOXING = YES;
				GCC_PREPROCESSOR_DEFINITIONS = (
					"$(inherited)",
					IS_64BIT,
					USE_POPCNT,
					"ZSTD_DISABLE_ASM=1",
					"PIKAFISH_DISABLE_SHARED_MEMORY=1",
				);
				"GCC_PREPROCESSOR_DEFINITIONS[arch=arm64]" = (
					"$(inherited)",
					IS_64BIT,
					USE_POPCNT,
					"ZSTD_DISABLE_ASM=1",
					"PIKAFISH_DISABLE_SHARED_MEMORY=1",
					"USE_NEON=8",
				);
				GENERATE_INFOPLIST_FILE = NO;
				INFOPLIST_FILE = XiangqiCoach/Resources/Info.plist;
				IPHONEOS_DEPLOYMENT_TARGET = 17.0;
				LD_RUNPATH_SEARCH_PATHS = "$(inherited) @executable_path/Frameworks";
				MARKETING_VERSION = 1.1;
				OTHER_CPLUSPLUSFLAGS = (
					"$(inherited)",
					"-O3",
					"-DNDEBUG",
				);
				PRODUCT_BUNDLE_IDENTIFIER = com.lgj.xiangqicoach;
				SDKROOT = iphoneos;
				SUPPORTED_PLATFORMS = "iphoneos iphonesimulator";
				SWIFT_OBJC_BRIDGING_HEADER = "XiangqiCoach/Engine/Native/XiangqiCoach-Bridging-Header.h";
				SWIFT_VERSION = 5.0;
				TARGETED_DEVICE_FAMILY = 1;
				VALIDATE_PRODUCT = YES;
			};
			name = Release;
		};
		8FACF0223F54D4131BBDBA2E /* Debug */ = {
			isa = XCBuildConfiguration;
			buildSettings = {
				APPLICATION_EXTENSION_API_ONLY = YES;
				CLANG_ENABLE_OBJC_WEAK = NO;
				CODE_SIGN_STYLE = Automatic;
				CURRENT_PROJECT_VERSION = 2026091506;
				DEVELOPMENT_TEAM = UG5D6JZ378;
				ENABLE_USER_SCRIPT_SANDBOXING = YES;
				GENERATE_INFOPLIST_FILE = NO;
				INFOPLIST_FILE = XiangqiCoachBroadcast/Info.plist;
				IPHONEOS_DEPLOYMENT_TARGET = 17.0;
				MARKETING_VERSION = 1.1;
				PRODUCT_BUNDLE_IDENTIFIER = com.lgj.xiangqicoach.broadcast;
				SDKROOT = iphoneos;
				SKIP_INSTALL = YES;
				SUPPORTED_PLATFORMS = "iphoneos iphonesimulator";
				SWIFT_VERSION = 5.0;
				TARGETED_DEVICE_FAMILY = 1;
			};
			name = Debug;
		};
		BAE5867D6FA6D93FD02EADE8 /* Release */ = {
			isa = XCBuildConfiguration;
			buildSettings = {
				ALWAYS_SEARCH_USER_PATHS = NO;
				CLANG_ANALYZER_NONNULL = YES;
				CLANG_ANALYZER_NUMBER_OBJECT_CONVERSION = YES_AGGRESSIVE;
				CLANG_CXX_LANGUAGE_STANDARD = "gnu++14";
				CLANG_CXX_LIBRARY = "libc++";
				CLANG_ENABLE_MODULES = YES;
				CLANG_ENABLE_OBJC_ARC = YES;
				CLANG_ENABLE_OBJC_WEAK = YES;
				CLANG_WARN_BLOCK_CAPTURE_AUTORELEASING = YES;
				CLANG_WARN_BOOL_CONVERSION = YES;
				CLANG_WARN_COMMA = YES;
				CLANG_WARN_CONSTANT_CONVERSION = YES;
				CLANG_WARN_DEPRECATED_OBJC_IMPLEMENTATIONS = YES;
				CLANG_WARN_DIRECT_OBJC_ISA_USAGE = YES_ERROR;
				CLANG_WARN_DOCUMENTATION_COMMENTS = YES;
				CLANG_WARN_EMPTY_BODY = YES;
				CLANG_WARN_ENUM_CONVERSION = YES;
				CLANG_WARN_INFINITE_RECURSION = YES;
				CLANG_WARN_INT_CONVERSION = YES;
				CLANG_WARN_NON_LITERAL_NULL_CONVERSION = YES;
				CLANG_WARN_OBJC_IMPLICIT_RETAIN_SELF = YES;
				CLANG_WARN_OBJC_LITERAL_CONVERSION = YES;
				CLANG_WARN_OBJC_ROOT_CLASS = YES_ERROR;
				CLANG_WARN_QUOTED_INCLUDE_IN_FRAMEWORK_HEADER = YES;
				CLANG_WARN_RANGE_LOOP_ANALYSIS = YES;
				CLANG_WARN_STRICT_PROTOTYPES = YES;
				CLANG_WARN_SUSPICIOUS_MOVE = YES;
				CLANG_WARN_UNGUARDED_AVAILABILITY = YES_AGGRESSIVE;
				CLANG_WARN_UNREACHABLE_CODE = YES;
				CLANG_WARN__DUPLICATE_METHOD_MATCH = YES;
				COPY_PHASE_STRIP = NO;
				DEBUG_INFORMATION_FORMAT = "dwarf-with-dsym";
				ENABLE_NS_ASSERTIONS = NO;
				ENABLE_STRICT_OBJC_MSGSEND = YES;
				GCC_C_LANGUAGE_STANDARD = gnu11;
				GCC_NO_COMMON_BLOCKS = YES;
				GCC_WARN_64_TO_32_BIT_CONVERSION = YES;
				GCC_WARN_ABOUT_RETURN_TYPE = YES_ERROR;
				GCC_WARN_UNDECLARED_SELECTOR = YES;
				GCC_WARN_UNINITIALIZED_AUTOS = YES_AGGRESSIVE;
				GCC_WARN_UNUSED_FUNCTION = YES;
				GCC_WARN_UNUSED_VARIABLE = YES;
				MTL_ENABLE_DEBUG_INFO = NO;
				MTL_FAST_MATH = YES;
				PRODUCT_NAME = "$(TARGET_NAME)";
				SWIFT_COMPILATION_MODE = wholemodule;
				SWIFT_OPTIMIZATION_LEVEL = "-O";
				SWIFT_VERSION = 5.0;
			};
			name = Release;
		};
		C1CEF644B78F1911930E43CB /* Debug */ = {
			isa = XCBuildConfiguration;
			buildSettings = {
				ALWAYS_SEARCH_USER_PATHS = NO;
				CLANG_ANALYZER_NONNULL = YES;
				CLANG_ANALYZER_NUMBER_OBJECT_CONVERSION = YES_AGGRESSIVE;
				CLANG_CXX_LANGUAGE_STANDARD = "gnu++14";
				CLANG_CXX_LIBRARY = "libc++";
				CLANG_ENABLE_MODULES = YES;
				CLANG_ENABLE_OBJC_ARC = YES;
				CLANG_ENABLE_OBJC_WEAK = YES;
				CLANG_WARN_BLOCK_CAPTURE_AUTORELEASING = YES;
				CLANG_WARN_BOOL_CONVERSION = YES;
				CLANG_WARN_COMMA = YES;
				CLANG_WARN_CONSTANT_CONVERSION = YES;
				CLANG_WARN_DEPRECATED_OBJC_IMPLEMENTATIONS = YES;
				CLANG_WARN_DIRECT_OBJC_ISA_USAGE = YES_ERROR;
				CLANG_WARN_DOCUMENTATION_COMMENTS = YES;
				CLANG_WARN_EMPTY_BODY = YES;
				CLANG_WARN_ENUM_CONVERSION = YES;
				CLANG_WARN_INFINITE_RECURSION = YES;
				CLANG_WARN_INT_CONVERSION = YES;
				CLANG_WARN_NON_LITERAL_NULL_CONVERSION = YES;
				CLANG_WARN_OBJC_IMPLICIT_RETAIN_SELF = YES;
				CLANG_WARN_OBJC_LITERAL_CONVERSION = YES;
				CLANG_WARN_OBJC_ROOT_CLASS = YES_ERROR;
				CLANG_WARN_QUOTED_INCLUDE_IN_FRAMEWORK_HEADER = YES;
				CLANG_WARN_RANGE_LOOP_ANALYSIS = YES;
				CLANG_WARN_STRICT_PROTOTYPES = YES;
				CLANG_WARN_SUSPICIOUS_MOVE = YES;
				CLANG_WARN_UNGUARDED_AVAILABILITY = YES_AGGRESSIVE;
				CLANG_WARN_UNREACHABLE_CODE = YES;
				CLANG_WARN__DUPLICATE_METHOD_MATCH = YES;
				COPY_PHASE_STRIP = NO;
				DEBUG_INFORMATION_FORMAT = dwarf;
				ENABLE_STRICT_OBJC_MSGSEND = YES;
				ENABLE_TESTABILITY = YES;
				GCC_C_LANGUAGE_STANDARD = gnu11;
				GCC_DYNAMIC_NO_PIC = NO;
				GCC_NO_COMMON_BLOCKS = YES;
				GCC_OPTIMIZATION_LEVEL = 0;
				GCC_PREPROCESSOR_DEFINITIONS = (
					"DEBUG=1",
					"$(inherited)",
				);
				GCC_WARN_64_TO_32_BIT_CONVERSION = YES;
				GCC_WARN_ABOUT_RETURN_TYPE = YES_ERROR;
				GCC_WARN_UNDECLARED_SELECTOR = YES;
				GCC_WARN_UNINITIALIZED_AUTOS = YES_AGGRESSIVE;
				GCC_WARN_UNUSED_FUNCTION = YES;
				GCC_WARN_UNUSED_VARIABLE = YES;
				MTL_ENABLE_DEBUG_INFO = INCLUDE_SOURCE;
				MTL_FAST_MATH = YES;
				ONLY_ACTIVE_ARCH = YES;
				PRODUCT_NAME = "$(TARGET_NAME)";
				SWIFT_ACTIVE_COMPILATION_CONDITIONS = DEBUG;
				SWIFT_OPTIMIZATION_LEVEL = "-Onone";
				SWIFT_VERSION = 5.0;
			};
			name = Debug;
		};
		E0D78ECF46F542F76B4F1332 /* Release */ = {
			isa = XCBuildConfiguration;
			buildSettings = {
				BUNDLE_LOADER = "$(TEST_HOST)";
				CLANG_ENABLE_OBJC_WEAK = NO;
				CODE_SIGNING_ALLOWED = NO;
				CODE_SIGN_STYLE = Automatic;
				CURRENT_PROJECT_VERSION = 2026091506;
				DEVELOPMENT_TEAM = UG5D6JZ378;
				ENABLE_USER_SCRIPT_SANDBOXING = YES;
				GENERATE_INFOPLIST_FILE = NO;
				INFOPLIST_FILE = XiangqiCoachTests/Info.plist;
				IPHONEOS_DEPLOYMENT_TARGET = 17.0;
				MARKETING_VERSION = 1.1;
				PRODUCT_BUNDLE_IDENTIFIER = com.lgj.xiangqicoach.tests;
				SDKROOT = iphoneos;
				SUPPORTED_PLATFORMS = "iphoneos iphonesimulator";
				SWIFT_VERSION = 5.0;
				TARGETED_DEVICE_FAMILY = 1;
				TEST_HOST = "$(BUILT_PRODUCTS_DIR)/XiangqiCoach.app/XiangqiCoach";
				VALIDATE_PRODUCT = YES;
			};
			name = Release;
		};
/* End XCBuildConfiguration section */

/* Begin XCConfigurationList section */
		0143D9C11D2BC43C26DAE9B5 /* Build configuration list for PBXNativeTarget "XiangqiCoachTests" */ = {
			isa = XCConfigurationList;
			buildConfigurations = (
				E0D78ECF46F542F76B4F1332 /* Release */,
				0AA66573D1C324DEA5EA0A5D /* Debug */,
			);
			defaultConfigurationIsVisible = 0;
			defaultConfigurationName = Release;
		};
		276CE04AC7310D1F472C899F /* Build configuration list for PBXNativeTarget "XiangqiCoachBroadcast" */ = {
			isa = XCConfigurationList;
			buildConfigurations = (
				56F1940F1028D8A5D94AF2F3 /* Release */,
				8FACF0223F54D4131BBDBA2E /* Debug */,
			);
			defaultConfigurationIsVisible = 0;
			defaultConfigurationName = Release;
		};
		7B201237EF9E305CE84DFB3F /* Build configuration list for PBXNativeTarget "XiangqiCoach" */ = {
			isa = XCConfigurationList;
			buildConfigurations = (
				89A34F64DDE917876A872EDA /* Release */,
				886ED9CD8B01D3E173BA1771 /* Debug */,
			);
			defaultConfigurationIsVisible = 0;
			defaultConfigurationName = Release;
		};
		EB04E0365BA24F8A61A751E8 /* Build configuration list for PBXProject "XiangqiCoach" */ = {
			isa = XCConfigurationList;
			buildConfigurations = (
				C1CEF644B78F1911930E43CB /* Debug */,
				BAE5867D6FA6D93FD02EADE8 /* Release */,
			);
			defaultConfigurationIsVisible = 0;
			defaultConfigurationName = Release;
		};
/* End XCConfigurationList section */
	};
	rootObject = 45EFC8D801C1A13FB5BB5FAC /* Project object */;
}
